
Microsoft Visual Studio Solution File, Format Version 12.00
# Visual Studio 15
VisualStudioVersion = 15.0.26730.8
MinimumVisualStudioVersion = 10.0.40219.1
Project("{FAE04EC0-301F-11D3-BF4B-00C04F79EFBC}") = "CryptoRtd", "CryptoRtd\CryptoRtd.csproj", "{95F50618-AA6C-4551-8CD7-49E04C0D5CE9}"
EndProject
Project("{FAE04EC0-301F-11D3-BF4B-00C04F79EFBC}") = "TestApp", "TestApp\TestApp.csproj", "{34E6D830-BD3F-4A32-9DDD-5EE1C5CBB6A2}"
EndProject
Project("{9A19103F-16F7-4668-BE54-9A1E7A4F7556}") = "CryptoExchange.Net", "..\..\OpenSource\Crypto\CryptoExchange.Net\CryptoExchange.Net\CryptoExchange.Net.csproj", "{BF0DADAA-F408-4F73-9796-386017CA94D5}"
EndProject
Project("{9A19103F-16F7-4668-BE54-9A1E7A4F7556}") = "Binance.Net", "..\..\OpenSource\Crypto\Binance.Net\Binance.Net\Binance.Net.csproj", "{70938CC2-588D-480A-A0CD-1A5542899964}"
EndProject
Project("{9A19103F-16F7-4668-BE54-9A1E7A4F7556}") = "BinanceMqLoader", "..\..\BinanceMQ\BinanceMQ\BinanceMqLoader.csproj", "{1A54D45F-55BA-492F-8880-CF40A8D0C87B}"
EndProject
Project("{FAE04EC0-301F-11D3-BF4B-00C04F79EFBC}") = "MqModelA", "..\..\BinanceMQ\MqModelA\MqModelA.csproj", "{54DD4E8C-05C3-465E-A8F4-F9EF38B98982}"
EndProject
Global
	GlobalSection(SolutionConfigurationPlatforms) = preSolution
		Debug|Any CPU = Debug|Any CPU
		Release|Any CPU = Release|Any CPU
	EndGlobalSection
	GlobalSection(ProjectConfigurationPlatforms) = postSolution
		{95F50618-AA6C-4551-8CD7-49E04C0D5CE9}.Debug|Any CPU.ActiveCfg = Debug|Any CPU
		{95F50618-AA6C-4551-8CD7-49E04C0D5CE9}.Debug|Any CPU.Build.0 = Debug|Any CPU
		{95F50618-AA6C-4551-8CD7-49E04C0D5CE9}.Release|Any CPU.ActiveCfg = Release|Any CPU
		{95F50618-AA6C-4551-8CD7-49E04C0D5CE9}.Release|Any CPU.Build.0 = Release|Any CPU
		{34E6D830-BD3F-4A32-9DDD-5EE1C5CBB6A2}.Debug|Any CPU.ActiveCfg = Debug|Any CPU
		{34E6D830-BD3F-4A32-9DDD-5EE1C5CBB6A2}.Debug|Any CPU.Build.0 = Debug|Any CPU
		{34E6D830-BD3F-4A32-9DDD-5EE1C5CBB6A2}.Release|Any CPU.ActiveCfg = Release|Any CPU
		{34E6D830-BD3F-4A32-9DDD-5EE1C5CBB6A2}.Release|Any CPU.Build.0 = Release|Any CPU
		{BF0DADAA-F408-4F73-9796-386017CA94D5}.Debug|Any CPU.ActiveCfg = Debug|Any CPU
		{BF0DADAA-F408-4F73-9796-386017CA94D5}.Debug|Any CPU.Build.0 = Debug|Any CPU
		{BF0DADAA-F408-4F73-9796-386017CA94D5}.Release|Any CPU.ActiveCfg = Release|Any CPU
		{BF0DADAA-F408-4F73-9796-386017CA94D5}.Release|Any CPU.Build.0 = Release|Any CPU
		{70938CC2-588D-480A-A0CD-1A5542899964}.Debug|Any CPU.ActiveCfg = Debug|Any CPU
		{70938CC2-588D-480A-A0CD-1A5542899964}.Debug|Any CPU.Build.0 = Debug|Any CPU
		{70938CC2-588D-480A-A0CD-1A5542899964}.Release|Any CPU.ActiveCfg = Release|Any CPU
		{70938CC2-588D-480A-A0CD-1A5542899964}.Release|Any CPU.Build.0 = Release|Any CPU
		{1A54D45F-55BA-492F-8880-CF40A8D0C87B}.Debug|Any CPU.ActiveCfg = Debug|Any CPU
		{1A54D45F-55BA-492F-8880-CF40A8D0C87B}.Debug|Any CPU.Build.0 = Debug|Any CPU
		{1A54D45F-55BA-492F-8880-CF40A8D0C87B}.Release|Any CPU.ActiveCfg = Release|Any CPU
		{1A54D45F-55BA-492F-8880-CF40A8D0C87B}.Release|Any CPU.Build.0 = Release|Any CPU
		{54DD4E8C-05C3-465E-A8F4-F9EF38B98982}.Debug|Any CPU.ActiveCfg = Debug|Any CPU
		{54DD4E8C-05C3-465E-A8F4-F9EF38B98982}.Debug|Any CPU.Build.0 = Debug|Any CPU
		{54DD4E8C-05C3-465E-A8F4-F9EF38B98982}.Release|Any CPU.ActiveCfg = Release|Any CPU
		{54DD4E8C-05C3-465E-A8F4-F9EF38B98982}.Release|Any CPU.Build.0 = Release|Any CPU
	EndGlobalSection
	GlobalSection(SolutionProperties) = preSolution
		HideSolutionNode = FALSE
	EndGlobalSection
	GlobalSection(ExtensibilityGlobals) = postSolution
		SolutionGuid = {8F999AC7-D920-4BB2-997E-F9713AF7A699}
	EndGlobalSection
EndGlobal
